
Microsoft Visual Studio Solution File, Format Version 12.00
# Visual Studio Version 17
VisualStudioVersion = 17.5.33627.172
MinimumVisualStudioVersion = 10.0.40219.1
Project("{9A19103F-16F7-4668-BE54-9A1E7A4F7556}") = "API", "API\API.csproj", "{7BC13127-D379-417D-BBA4-5747A1F81322}"
EndProject
Project("{54A90642-561A-4BB1-A94E-469ADEE60C69}") = "ui", "UI\ui.esproj", "{F29C9C63-55BA-415F-A5E8-B01548BDFFBC}"
EndProject
Global
	GlobalSection(SolutionConfigurationPlatforms) = preSolution
		Debug|Any CPU = Debug|Any CPU
		Release|Any CPU = Release|Any CPU
	EndGlobalSection
	GlobalSection(ProjectConfigurationPlatforms) = postSolution
		{7BC13127-D379-417D-BBA4-5747A1F81322}.Debug|Any CPU.ActiveCfg = Debug|Any CPU
		{7BC13127-D379-417D-BBA4-5747A1F81322}.Debug|Any CPU.Build.0 = Debug|Any CPU
		{7BC13127-D379-417D-BBA4-5747A1F81322}.Release|Any CPU.ActiveCfg = Release|Any CPU
		{7BC13127-D379-417D-BBA4-5747A1F81322}.Release|Any CPU.Build.0 = Release|Any CPU
		{F29C9C63-55BA-415F-A5E8-B01548BDFFBC}.Debug|Any CPU.ActiveCfg = Debug|Any CPU
		{F29C9C63-55BA-415F-A5E8-B01548BDFFBC}.Debug|Any CPU.Build.0 = Debug|Any CPU
		{F29C9C63-55BA-415F-A5E8-B01548BDFFBC}.Debug|Any CPU.Deploy.0 = Debug|Any CPU
		{F29C9C63-55BA-415F-A5E8-B01548BDFFBC}.Release|Any CPU.ActiveCfg = Release|Any CPU
		{F29C9C63-55BA-415F-A5E8-B01548BDFFBC}.Release|Any CPU.Build.0 = Release|Any CPU
		{F29C9C63-55BA-415F-A5E8-B01548BDFFBC}.Release|Any CPU.Deploy.0 = Release|Any CPU
	EndGlobalSection
	GlobalSection(SolutionProperties) = preSolution
		HideSolutionNode = FALSE
	EndGlobalSection
	GlobalSection(ExtensibilityGlobals) = postSolution
		SolutionGuid = {06C3B8B8-9E04-421A-8F4C-A5F67B7068CD}
	EndGlobalSection
EndGlobal
